
Microsoft Visual Studio Solution File, Format Version 12.00
# Visual Studio Version 17
VisualStudioVersion = 17.10.34928.147
MinimumVisualStudioVersion = 10.0.40219.1
Project("{FAE04EC0-301F-11D3-BF4B-00C04F79EFBC}") = "Comex", "Comex\Comex.csproj", "{19B3F239-CDE4-47FA-88B7-089FC0518DB2}"
EndProject
Global
	GlobalSection(SolutionConfigurationPlatforms) = preSolution
		Debug|Any CPU = Debug|Any CPU
		Release|Any CPU = Release|Any CPU
	EndGlobalSection
	GlobalSection(ProjectConfigurationPlatforms) = postSolution
		{19B3F239-CDE4-47FA-88B7-089FC0518DB2}.Debug|Any CPU.ActiveCfg = Debug|Any CPU
		{19B3F239-CDE4-47FA-88B7-089FC0518DB2}.Debug|Any CPU.Build.0 = Debug|Any CPU
		{19B3F239-CDE4-47FA-88B7-089FC0518DB2}.Release|Any CPU.ActiveCfg = Release|Any CPU
		{19B3F239-CDE4-47FA-88B7-089FC0518DB2}.Release|Any CPU.Build.0 = Release|Any CPU
	EndGlobalSection
	GlobalSection(SolutionProperties) = preSolution
		HideSolutionNode = FALSE
	EndGlobalSection
	GlobalSection(ExtensibilityGlobals) = postSolution
		SolutionGuid = {D8C1D97F-3354-4F04-ACC2-794995F973CA}
	EndGlobalSection
EndGlobal
